
Microsoft Visual Studio Solution File, Format Version 12.00
# Visual Studio 2012
Project("{FAE04EC0-301F-11D3-BF4B-00C04F79EFBC}") = "MovieListSettings", "MovieListSettings\MovieListSettings.csproj", "{B8783AC5-6D54-47B9-9FE4-41D115ABCDB5}"
EndProject
Project("{FAE04EC0-301F-11D3-BF4B-00C04F79EFBC}") = "MovieListSettings.iOS", "iOS\MovieListSettings.iOS.csproj", "{C0D512D1-B458-4E43-85E4-9E3A2769250E}"
EndProject
Project("{FAE04EC0-301F-11D3-BF4B-00C04F79EFBC}") = "MovieListSettings.Droid", "Droid\MovieListSettings.Droid.csproj", "{00CD0DE0-98EF-4FB0-AB4C-EDAA5210B93C}"
EndProject
Global
	GlobalSection(SolutionConfigurationPlatforms) = preSolution
		Debug|Any CPU = Debug|Any CPU
		Release|Any CPU = Release|Any CPU
		Debug|iPhoneSimulator = Debug|iPhoneSimulator
		Release|iPhone = Release|iPhone
		Release|iPhoneSimulator = Release|iPhoneSimulator
		Debug|iPhone = Debug|iPhone
	EndGlobalSection
	GlobalSection(ProjectConfigurationPlatforms) = postSolution
		{B8783AC5-6D54-47B9-9FE4-41D115ABCDB5}.Debug|Any CPU.ActiveCfg = Debug|Any CPU
		{B8783AC5-6D54-47B9-9FE4-41D115ABCDB5}.Debug|Any CPU.Build.0 = Debug|Any CPU
		{B8783AC5-6D54-47B9-9FE4-41D115ABCDB5}.Release|Any CPU.ActiveCfg = Release|Any CPU
		{B8783AC5-6D54-47B9-9FE4-41D115ABCDB5}.Release|Any CPU.Build.0 = Release|Any CPU
		{B8783AC5-6D54-47B9-9FE4-41D115ABCDB5}.Debug|iPhoneSimulator.ActiveCfg = Debug|Any CPU
		{B8783AC5-6D54-47B9-9FE4-41D115ABCDB5}.Debug|iPhoneSimulator.Build.0 = Debug|Any CPU
		{B8783AC5-6D54-47B9-9FE4-41D115ABCDB5}.Release|iPhone.ActiveCfg = Release|Any CPU
		{B8783AC5-6D54-47B9-9FE4-41D115ABCDB5}.Release|iPhone.Build.0 = Release|Any CPU
		{B8783AC5-6D54-47B9-9FE4-41D115ABCDB5}.Release|iPhoneSimulator.ActiveCfg = Release|Any CPU
		{B8783AC5-6D54-47B9-9FE4-41D115ABCDB5}.Release|iPhoneSimulator.Build.0 = Release|Any CPU
		{B8783AC5-6D54-47B9-9FE4-41D115ABCDB5}.Debug|iPhone.ActiveCfg = Debug|Any CPU
		{B8783AC5-6D54-47B9-9FE4-41D115ABCDB5}.Debug|iPhone.Build.0 = Debug|Any CPU
		{C0D512D1-B458-4E43-85E4-9E3A2769250E}.Debug|Any CPU.ActiveCfg = Debug|iPhoneSimulator
		{C0D512D1-B458-4E43-85E4-9E3A2769250E}.Debug|Any CPU.Build.0 = Debug|iPhoneSimulator
		{C0D512D1-B458-4E43-85E4-9E3A2769250E}.Release|Any CPU.ActiveCfg = Release|iPhone
		{C0D512D1-B458-4E43-85E4-9E3A2769250E}.Release|Any CPU.Build.0 = Release|iPhone
		{C0D512D1-B458-4E43-85E4-9E3A2769250E}.Debug|iPhoneSimulator.ActiveCfg = Debug|iPhoneSimulator
		{C0D512D1-B458-4E43-85E4-9E3A2769250E}.Debug|iPhoneSimulator.Build.0 = Debug|iPhoneSimulator
		{C0D512D1-B458-4E43-85E4-9E3A2769250E}.Release|iPhone.ActiveCfg = Release|iPhone
		{C0D512D1-B458-4E43-85E4-9E3A2769250E}.Release|iPhone.Build.0 = Release|iPhone
		{C0D512D1-B458-4E43-85E4-9E3A2769250E}.Release|iPhoneSimulator.ActiveCfg = Release|iPhoneSimulator
		{C0D512D1-B458-4E43-85E4-9E3A2769250E}.Release|iPhoneSimulator.Build.0 = Release|iPhoneSimulator
		{C0D512D1-B458-4E43-85E4-9E3A2769250E}.Debug|iPhone.ActiveCfg = Debug|iPhone
		{C0D512D1-B458-4E43-85E4-9E3A2769250E}.Debug|iPhone.Build.0 = Debug|iPhone
		{00CD0DE0-98EF-4FB0-AB4C-EDAA5210B93C}.Debug|Any CPU.ActiveCfg = Debug|Any CPU
		{00CD0DE0-98EF-4FB0-AB4C-EDAA5210B93C}.Debug|Any CPU.Build.0 = Debug|Any CPU
		{00CD0DE0-98EF-4FB0-AB4C-EDAA5210B93C}.Release|Any CPU.ActiveCfg = Release|Any CPU
		{00CD0DE0-98EF-4FB0-AB4C-EDAA5210B93C}.Release|Any CPU.Build.0 = Release|Any CPU
		{00CD0DE0-98EF-4FB0-AB4C-EDAA5210B93C}.Debug|iPhoneSimulator.ActiveCfg = Debug|Any CPU
		{00CD0DE0-98EF-4FB0-AB4C-EDAA5210B93C}.Debug|iPhoneSimulator.Build.0 = Debug|Any CPU
		{00CD0DE0-98EF-4FB0-AB4C-EDAA5210B93C}.Release|iPhone.ActiveCfg = Release|Any CPU
		{00CD0DE0-98EF-4FB0-AB4C-EDAA5210B93C}.Release|iPhone.Build.0 = Release|Any CPU
		{00CD0DE0-98EF-4FB0-AB4C-EDAA5210B93C}.Release|iPhoneSimulator.ActiveCfg = Release|Any CPU
		{00CD0DE0-98EF-4FB0-AB4C-EDAA5210B93C}.Release|iPhoneSimulator.Build.0 = Release|Any CPU
		{00CD0DE0-98EF-4FB0-AB4C-EDAA5210B93C}.Debug|iPhone.ActiveCfg = Debug|Any CPU
		{00CD0DE0-98EF-4FB0-AB4C-EDAA5210B93C}.Debug|iPhone.Build.0 = Debug|Any CPU
	EndGlobalSection
EndGlobal
