
Microsoft Visual Studio Solution File, Format Version 12.00
# Visual Studio 2012
Project("{FAE04EC0-301F-11D3-BF4B-00C04F79EFBC}") = "OverwatchHeroPicker", "OverwatchHeroPicker\OverwatchHeroPicker.csproj", "{68C8977D-A76D-460E-8C9C-5DDB0E00F2D0}"
EndProject
Project("{FAE04EC0-301F-11D3-BF4B-00C04F79EFBC}") = "OverwatchHeroPicker.iOS", "iOS\OverwatchHeroPicker.iOS.csproj", "{4B5F5BFA-5159-4CFC-867A-42684C406128}"
EndProject
Project("{FAE04EC0-301F-11D3-BF4B-00C04F79EFBC}") = "OverwatchHeroPicker.Droid", "Droid\OverwatchHeroPicker.Droid.csproj", "{1AE577A2-DBAC-4BAF-BCF9-A7CC79207F96}"
EndProject
Global
	GlobalSection(SolutionConfigurationPlatforms) = preSolution
		Debug|Any CPU = Debug|Any CPU
		Release|Any CPU = Release|Any CPU
		Debug|iPhoneSimulator = Debug|iPhoneSimulator
		Release|iPhone = Release|iPhone
		Release|iPhoneSimulator = Release|iPhoneSimulator
		Debug|iPhone = Debug|iPhone
	EndGlobalSection
	GlobalSection(ProjectConfigurationPlatforms) = postSolution
		{68C8977D-A76D-460E-8C9C-5DDB0E00F2D0}.Debug|Any CPU.ActiveCfg = Debug|Any CPU
		{68C8977D-A76D-460E-8C9C-5DDB0E00F2D0}.Debug|Any CPU.Build.0 = Debug|Any CPU
		{68C8977D-A76D-460E-8C9C-5DDB0E00F2D0}.Release|Any CPU.ActiveCfg = Release|Any CPU
		{68C8977D-A76D-460E-8C9C-5DDB0E00F2D0}.Release|Any CPU.Build.0 = Release|Any CPU
		{68C8977D-A76D-460E-8C9C-5DDB0E00F2D0}.Debug|iPhoneSimulator.ActiveCfg = Debug|Any CPU
		{68C8977D-A76D-460E-8C9C-5DDB0E00F2D0}.Debug|iPhoneSimulator.Build.0 = Debug|Any CPU
		{68C8977D-A76D-460E-8C9C-5DDB0E00F2D0}.Release|iPhone.ActiveCfg = Release|Any CPU
		{68C8977D-A76D-460E-8C9C-5DDB0E00F2D0}.Release|iPhone.Build.0 = Release|Any CPU
		{68C8977D-A76D-460E-8C9C-5DDB0E00F2D0}.Release|iPhoneSimulator.ActiveCfg = Release|Any CPU
		{68C8977D-A76D-460E-8C9C-5DDB0E00F2D0}.Release|iPhoneSimulator.Build.0 = Release|Any CPU
		{68C8977D-A76D-460E-8C9C-5DDB0E00F2D0}.Debug|iPhone.ActiveCfg = Debug|Any CPU
		{68C8977D-A76D-460E-8C9C-5DDB0E00F2D0}.Debug|iPhone.Build.0 = Debug|Any CPU
		{4B5F5BFA-5159-4CFC-867A-42684C406128}.Debug|Any CPU.ActiveCfg = Debug|iPhoneSimulator
		{4B5F5BFA-5159-4CFC-867A-42684C406128}.Debug|Any CPU.Build.0 = Debug|iPhoneSimulator
		{4B5F5BFA-5159-4CFC-867A-42684C406128}.Release|Any CPU.ActiveCfg = Release|iPhone
		{4B5F5BFA-5159-4CFC-867A-42684C406128}.Release|Any CPU.Build.0 = Release|iPhone
		{4B5F5BFA-5159-4CFC-867A-42684C406128}.Debug|iPhoneSimulator.ActiveCfg = Debug|iPhoneSimulator
		{4B5F5BFA-5159-4CFC-867A-42684C406128}.Debug|iPhoneSimulator.Build.0 = Debug|iPhoneSimulator
		{4B5F5BFA-5159-4CFC-867A-42684C406128}.Release|iPhone.ActiveCfg = Release|iPhone
		{4B5F5BFA-5159-4CFC-867A-42684C406128}.Release|iPhone.Build.0 = Release|iPhone
		{4B5F5BFA-5159-4CFC-867A-42684C406128}.Release|iPhoneSimulator.ActiveCfg = Release|iPhoneSimulator
		{4B5F5BFA-5159-4CFC-867A-42684C406128}.Release|iPhoneSimulator.Build.0 = Release|iPhoneSimulator
		{4B5F5BFA-5159-4CFC-867A-42684C406128}.Debug|iPhone.ActiveCfg = Debug|iPhone
		{4B5F5BFA-5159-4CFC-867A-42684C406128}.Debug|iPhone.Build.0 = Debug|iPhone
		{1AE577A2-DBAC-4BAF-BCF9-A7CC79207F96}.Debug|Any CPU.ActiveCfg = Debug|Any CPU
		{1AE577A2-DBAC-4BAF-BCF9-A7CC79207F96}.Debug|Any CPU.Build.0 = Debug|Any CPU
		{1AE577A2-DBAC-4BAF-BCF9-A7CC79207F96}.Release|Any CPU.ActiveCfg = Release|Any CPU
		{1AE577A2-DBAC-4BAF-BCF9-A7CC79207F96}.Release|Any CPU.Build.0 = Release|Any CPU
		{1AE577A2-DBAC-4BAF-BCF9-A7CC79207F96}.Debug|iPhoneSimulator.ActiveCfg = Debug|Any CPU
		{1AE577A2-DBAC-4BAF-BCF9-A7CC79207F96}.Debug|iPhoneSimulator.Build.0 = Debug|Any CPU
		{1AE577A2-DBAC-4BAF-BCF9-A7CC79207F96}.Release|iPhone.ActiveCfg = Release|Any CPU
		{1AE577A2-DBAC-4BAF-BCF9-A7CC79207F96}.Release|iPhone.Build.0 = Release|Any CPU
		{1AE577A2-DBAC-4BAF-BCF9-A7CC79207F96}.Release|iPhoneSimulator.ActiveCfg = Release|Any CPU
		{1AE577A2-DBAC-4BAF-BCF9-A7CC79207F96}.Release|iPhoneSimulator.Build.0 = Release|Any CPU
		{1AE577A2-DBAC-4BAF-BCF9-A7CC79207F96}.Debug|iPhone.ActiveCfg = Debug|Any CPU
		{1AE577A2-DBAC-4BAF-BCF9-A7CC79207F96}.Debug|iPhone.Build.0 = Debug|Any CPU
	EndGlobalSection
EndGlobal
