
Microsoft Visual Studio Solution File, Format Version 12.00
# Visual Studio 2012
Project("{FAE04EC0-301F-11D3-BF4B-00C04F79EFBC}") = "GPS", "GPS\GPS.csproj", "{A8BD3442-A9D5-413E-BB88-AD88B634B32D}"
EndProject
Project("{FAE04EC0-301F-11D3-BF4B-00C04F79EFBC}") = "GPS.iOS", "iOS\GPS.iOS.csproj", "{88951CAC-ADDE-41AA-AC28-62E9DF2C061E}"
EndProject
Project("{FAE04EC0-301F-11D3-BF4B-00C04F79EFBC}") = "GPS.Droid", "Droid\GPS.Droid.csproj", "{9C09E19A-8041-47E6-A614-AEBC61CF06D2}"
EndProject
Global
	GlobalSection(SolutionConfigurationPlatforms) = preSolution
		Debug|Any CPU = Debug|Any CPU
		Release|Any CPU = Release|Any CPU
		Debug|iPhoneSimulator = Debug|iPhoneSimulator
		Release|iPhone = Release|iPhone
		Release|iPhoneSimulator = Release|iPhoneSimulator
		Debug|iPhone = Debug|iPhone
	EndGlobalSection
	GlobalSection(ProjectConfigurationPlatforms) = postSolution
		{A8BD3442-A9D5-413E-BB88-AD88B634B32D}.Debug|Any CPU.ActiveCfg = Debug|Any CPU
		{A8BD3442-A9D5-413E-BB88-AD88B634B32D}.Debug|Any CPU.Build.0 = Debug|Any CPU
		{A8BD3442-A9D5-413E-BB88-AD88B634B32D}.Release|Any CPU.ActiveCfg = Release|Any CPU
		{A8BD3442-A9D5-413E-BB88-AD88B634B32D}.Release|Any CPU.Build.0 = Release|Any CPU
		{A8BD3442-A9D5-413E-BB88-AD88B634B32D}.Debug|iPhoneSimulator.ActiveCfg = Debug|Any CPU
		{A8BD3442-A9D5-413E-BB88-AD88B634B32D}.Debug|iPhoneSimulator.Build.0 = Debug|Any CPU
		{A8BD3442-A9D5-413E-BB88-AD88B634B32D}.Release|iPhone.ActiveCfg = Release|Any CPU
		{A8BD3442-A9D5-413E-BB88-AD88B634B32D}.Release|iPhone.Build.0 = Release|Any CPU
		{A8BD3442-A9D5-413E-BB88-AD88B634B32D}.Release|iPhoneSimulator.ActiveCfg = Release|Any CPU
		{A8BD3442-A9D5-413E-BB88-AD88B634B32D}.Release|iPhoneSimulator.Build.0 = Release|Any CPU
		{A8BD3442-A9D5-413E-BB88-AD88B634B32D}.Debug|iPhone.ActiveCfg = Debug|Any CPU
		{A8BD3442-A9D5-413E-BB88-AD88B634B32D}.Debug|iPhone.Build.0 = Debug|Any CPU
		{88951CAC-ADDE-41AA-AC28-62E9DF2C061E}.Debug|Any CPU.ActiveCfg = Debug|iPhoneSimulator
		{88951CAC-ADDE-41AA-AC28-62E9DF2C061E}.Debug|Any CPU.Build.0 = Debug|iPhoneSimulator
		{88951CAC-ADDE-41AA-AC28-62E9DF2C061E}.Release|Any CPU.ActiveCfg = Release|iPhone
		{88951CAC-ADDE-41AA-AC28-62E9DF2C061E}.Release|Any CPU.Build.0 = Release|iPhone
		{88951CAC-ADDE-41AA-AC28-62E9DF2C061E}.Debug|iPhoneSimulator.ActiveCfg = Debug|iPhoneSimulator
		{88951CAC-ADDE-41AA-AC28-62E9DF2C061E}.Debug|iPhoneSimulator.Build.0 = Debug|iPhoneSimulator
		{88951CAC-ADDE-41AA-AC28-62E9DF2C061E}.Release|iPhone.ActiveCfg = Release|iPhone
		{88951CAC-ADDE-41AA-AC28-62E9DF2C061E}.Release|iPhone.Build.0 = Release|iPhone
		{88951CAC-ADDE-41AA-AC28-62E9DF2C061E}.Release|iPhoneSimulator.ActiveCfg = Release|iPhoneSimulator
		{88951CAC-ADDE-41AA-AC28-62E9DF2C061E}.Release|iPhoneSimulator.Build.0 = Release|iPhoneSimulator
		{88951CAC-ADDE-41AA-AC28-62E9DF2C061E}.Debug|iPhone.ActiveCfg = Debug|iPhone
		{88951CAC-ADDE-41AA-AC28-62E9DF2C061E}.Debug|iPhone.Build.0 = Debug|iPhone
		{9C09E19A-8041-47E6-A614-AEBC61CF06D2}.Debug|Any CPU.ActiveCfg = Debug|Any CPU
		{9C09E19A-8041-47E6-A614-AEBC61CF06D2}.Debug|Any CPU.Build.0 = Debug|Any CPU
		{9C09E19A-8041-47E6-A614-AEBC61CF06D2}.Release|Any CPU.ActiveCfg = Release|Any CPU
		{9C09E19A-8041-47E6-A614-AEBC61CF06D2}.Release|Any CPU.Build.0 = Release|Any CPU
		{9C09E19A-8041-47E6-A614-AEBC61CF06D2}.Debug|iPhoneSimulator.ActiveCfg = Debug|Any CPU
		{9C09E19A-8041-47E6-A614-AEBC61CF06D2}.Debug|iPhoneSimulator.Build.0 = Debug|Any CPU
		{9C09E19A-8041-47E6-A614-AEBC61CF06D2}.Release|iPhone.ActiveCfg = Release|Any CPU
		{9C09E19A-8041-47E6-A614-AEBC61CF06D2}.Release|iPhone.Build.0 = Release|Any CPU
		{9C09E19A-8041-47E6-A614-AEBC61CF06D2}.Release|iPhoneSimulator.ActiveCfg = Release|Any CPU
		{9C09E19A-8041-47E6-A614-AEBC61CF06D2}.Release|iPhoneSimulator.Build.0 = Release|Any CPU
		{9C09E19A-8041-47E6-A614-AEBC61CF06D2}.Debug|iPhone.ActiveCfg = Debug|Any CPU
		{9C09E19A-8041-47E6-A614-AEBC61CF06D2}.Debug|iPhone.Build.0 = Debug|Any CPU
	EndGlobalSection
EndGlobal
