
Microsoft Visual Studio Solution File, Format Version 12.00
# Visual Studio 2012
Project("{FAE04EC0-301F-11D3-BF4B-00C04F79EFBC}") = "MovieList", "MovieList\MovieList.csproj", "{7CF56662-9621-4B66-90E4-1B0D320CD2D3}"
EndProject
Project("{FAE04EC0-301F-11D3-BF4B-00C04F79EFBC}") = "MovieList.iOS", "iOS\MovieList.iOS.csproj", "{7A583430-8F43-4509-AD5F-0CEDB4042D74}"
EndProject
Project("{FAE04EC0-301F-11D3-BF4B-00C04F79EFBC}") = "MovieList.Droid", "Droid\MovieList.Droid.csproj", "{BEDA186C-032E-4F8A-A073-C2DF83C55DCF}"
EndProject
Global
	GlobalSection(SolutionConfigurationPlatforms) = preSolution
		Debug|Any CPU = Debug|Any CPU
		Release|Any CPU = Release|Any CPU
		Debug|iPhoneSimulator = Debug|iPhoneSimulator
		Release|iPhone = Release|iPhone
		Release|iPhoneSimulator = Release|iPhoneSimulator
		Debug|iPhone = Debug|iPhone
	EndGlobalSection
	GlobalSection(ProjectConfigurationPlatforms) = postSolution
		{7CF56662-9621-4B66-90E4-1B0D320CD2D3}.Debug|Any CPU.ActiveCfg = Debug|Any CPU
		{7CF56662-9621-4B66-90E4-1B0D320CD2D3}.Debug|Any CPU.Build.0 = Debug|Any CPU
		{7CF56662-9621-4B66-90E4-1B0D320CD2D3}.Release|Any CPU.ActiveCfg = Release|Any CPU
		{7CF56662-9621-4B66-90E4-1B0D320CD2D3}.Release|Any CPU.Build.0 = Release|Any CPU
		{7CF56662-9621-4B66-90E4-1B0D320CD2D3}.Debug|iPhoneSimulator.ActiveCfg = Debug|Any CPU
		{7CF56662-9621-4B66-90E4-1B0D320CD2D3}.Debug|iPhoneSimulator.Build.0 = Debug|Any CPU
		{7CF56662-9621-4B66-90E4-1B0D320CD2D3}.Release|iPhone.ActiveCfg = Release|Any CPU
		{7CF56662-9621-4B66-90E4-1B0D320CD2D3}.Release|iPhone.Build.0 = Release|Any CPU
		{7CF56662-9621-4B66-90E4-1B0D320CD2D3}.Release|iPhoneSimulator.ActiveCfg = Release|Any CPU
		{7CF56662-9621-4B66-90E4-1B0D320CD2D3}.Release|iPhoneSimulator.Build.0 = Release|Any CPU
		{7CF56662-9621-4B66-90E4-1B0D320CD2D3}.Debug|iPhone.ActiveCfg = Debug|Any CPU
		{7CF56662-9621-4B66-90E4-1B0D320CD2D3}.Debug|iPhone.Build.0 = Debug|Any CPU
		{7A583430-8F43-4509-AD5F-0CEDB4042D74}.Debug|Any CPU.ActiveCfg = Debug|iPhoneSimulator
		{7A583430-8F43-4509-AD5F-0CEDB4042D74}.Debug|Any CPU.Build.0 = Debug|iPhoneSimulator
		{7A583430-8F43-4509-AD5F-0CEDB4042D74}.Release|Any CPU.ActiveCfg = Release|iPhone
		{7A583430-8F43-4509-AD5F-0CEDB4042D74}.Release|Any CPU.Build.0 = Release|iPhone
		{7A583430-8F43-4509-AD5F-0CEDB4042D74}.Debug|iPhoneSimulator.ActiveCfg = Debug|iPhoneSimulator
		{7A583430-8F43-4509-AD5F-0CEDB4042D74}.Debug|iPhoneSimulator.Build.0 = Debug|iPhoneSimulator
		{7A583430-8F43-4509-AD5F-0CEDB4042D74}.Release|iPhone.ActiveCfg = Release|iPhone
		{7A583430-8F43-4509-AD5F-0CEDB4042D74}.Release|iPhone.Build.0 = Release|iPhone
		{7A583430-8F43-4509-AD5F-0CEDB4042D74}.Release|iPhoneSimulator.ActiveCfg = Release|iPhoneSimulator
		{7A583430-8F43-4509-AD5F-0CEDB4042D74}.Release|iPhoneSimulator.Build.0 = Release|iPhoneSimulator
		{7A583430-8F43-4509-AD5F-0CEDB4042D74}.Debug|iPhone.ActiveCfg = Debug|iPhone
		{7A583430-8F43-4509-AD5F-0CEDB4042D74}.Debug|iPhone.Build.0 = Debug|iPhone
		{BEDA186C-032E-4F8A-A073-C2DF83C55DCF}.Debug|Any CPU.ActiveCfg = Debug|Any CPU
		{BEDA186C-032E-4F8A-A073-C2DF83C55DCF}.Debug|Any CPU.Build.0 = Debug|Any CPU
		{BEDA186C-032E-4F8A-A073-C2DF83C55DCF}.Release|Any CPU.ActiveCfg = Release|Any CPU
		{BEDA186C-032E-4F8A-A073-C2DF83C55DCF}.Release|Any CPU.Build.0 = Release|Any CPU
		{BEDA186C-032E-4F8A-A073-C2DF83C55DCF}.Debug|iPhoneSimulator.ActiveCfg = Debug|Any CPU
		{BEDA186C-032E-4F8A-A073-C2DF83C55DCF}.Debug|iPhoneSimulator.Build.0 = Debug|Any CPU
		{BEDA186C-032E-4F8A-A073-C2DF83C55DCF}.Release|iPhone.ActiveCfg = Release|Any CPU
		{BEDA186C-032E-4F8A-A073-C2DF83C55DCF}.Release|iPhone.Build.0 = Release|Any CPU
		{BEDA186C-032E-4F8A-A073-C2DF83C55DCF}.Release|iPhoneSimulator.ActiveCfg = Release|Any CPU
		{BEDA186C-032E-4F8A-A073-C2DF83C55DCF}.Release|iPhoneSimulator.Build.0 = Release|Any CPU
		{BEDA186C-032E-4F8A-A073-C2DF83C55DCF}.Debug|iPhone.ActiveCfg = Debug|Any CPU
		{BEDA186C-032E-4F8A-A073-C2DF83C55DCF}.Debug|iPhone.Build.0 = Debug|Any CPU
	EndGlobalSection
EndGlobal
