
Microsoft Visual Studio Solution File, Format Version 12.00
# Visual Studio 2012
Project("{FAE04EC0-301F-11D3-BF4B-00C04F79EFBC}") = "Calculator", "Calculator\Calculator.csproj", "{E354429D-6400-49C1-A53F-A7CECD3FE112}"
EndProject
Project("{FAE04EC0-301F-11D3-BF4B-00C04F79EFBC}") = "Calculator.iOS", "iOS\Calculator.iOS.csproj", "{3306DAE9-35A4-48E4-87A0-DDE9955F531C}"
EndProject
Project("{FAE04EC0-301F-11D3-BF4B-00C04F79EFBC}") = "Calculator.Droid", "Droid\Calculator.Droid.csproj", "{308F33D7-94FC-40ED-AC51-A1692F14379C}"
EndProject
Global
	GlobalSection(SolutionConfigurationPlatforms) = preSolution
		Debug|Any CPU = Debug|Any CPU
		Release|Any CPU = Release|Any CPU
		Debug|iPhoneSimulator = Debug|iPhoneSimulator
		Release|iPhone = Release|iPhone
		Release|iPhoneSimulator = Release|iPhoneSimulator
		Debug|iPhone = Debug|iPhone
	EndGlobalSection
	GlobalSection(ProjectConfigurationPlatforms) = postSolution
		{E354429D-6400-49C1-A53F-A7CECD3FE112}.Debug|Any CPU.ActiveCfg = Debug|Any CPU
		{E354429D-6400-49C1-A53F-A7CECD3FE112}.Debug|Any CPU.Build.0 = Debug|Any CPU
		{E354429D-6400-49C1-A53F-A7CECD3FE112}.Release|Any CPU.ActiveCfg = Release|Any CPU
		{E354429D-6400-49C1-A53F-A7CECD3FE112}.Release|Any CPU.Build.0 = Release|Any CPU
		{E354429D-6400-49C1-A53F-A7CECD3FE112}.Debug|iPhoneSimulator.ActiveCfg = Debug|Any CPU
		{E354429D-6400-49C1-A53F-A7CECD3FE112}.Debug|iPhoneSimulator.Build.0 = Debug|Any CPU
		{E354429D-6400-49C1-A53F-A7CECD3FE112}.Release|iPhone.ActiveCfg = Release|Any CPU
		{E354429D-6400-49C1-A53F-A7CECD3FE112}.Release|iPhone.Build.0 = Release|Any CPU
		{E354429D-6400-49C1-A53F-A7CECD3FE112}.Release|iPhoneSimulator.ActiveCfg = Release|Any CPU
		{E354429D-6400-49C1-A53F-A7CECD3FE112}.Release|iPhoneSimulator.Build.0 = Release|Any CPU
		{E354429D-6400-49C1-A53F-A7CECD3FE112}.Debug|iPhone.ActiveCfg = Debug|Any CPU
		{E354429D-6400-49C1-A53F-A7CECD3FE112}.Debug|iPhone.Build.0 = Debug|Any CPU
		{3306DAE9-35A4-48E4-87A0-DDE9955F531C}.Debug|Any CPU.ActiveCfg = Debug|iPhoneSimulator
		{3306DAE9-35A4-48E4-87A0-DDE9955F531C}.Debug|Any CPU.Build.0 = Debug|iPhoneSimulator
		{3306DAE9-35A4-48E4-87A0-DDE9955F531C}.Release|Any CPU.ActiveCfg = Release|iPhone
		{3306DAE9-35A4-48E4-87A0-DDE9955F531C}.Release|Any CPU.Build.0 = Release|iPhone
		{3306DAE9-35A4-48E4-87A0-DDE9955F531C}.Debug|iPhoneSimulator.ActiveCfg = Debug|iPhoneSimulator
		{3306DAE9-35A4-48E4-87A0-DDE9955F531C}.Debug|iPhoneSimulator.Build.0 = Debug|iPhoneSimulator
		{3306DAE9-35A4-48E4-87A0-DDE9955F531C}.Release|iPhone.ActiveCfg = Release|iPhone
		{3306DAE9-35A4-48E4-87A0-DDE9955F531C}.Release|iPhone.Build.0 = Release|iPhone
		{3306DAE9-35A4-48E4-87A0-DDE9955F531C}.Release|iPhoneSimulator.ActiveCfg = Release|iPhoneSimulator
		{3306DAE9-35A4-48E4-87A0-DDE9955F531C}.Release|iPhoneSimulator.Build.0 = Release|iPhoneSimulator
		{3306DAE9-35A4-48E4-87A0-DDE9955F531C}.Debug|iPhone.ActiveCfg = Debug|iPhone
		{3306DAE9-35A4-48E4-87A0-DDE9955F531C}.Debug|iPhone.Build.0 = Debug|iPhone
		{308F33D7-94FC-40ED-AC51-A1692F14379C}.Debug|Any CPU.ActiveCfg = Debug|Any CPU
		{308F33D7-94FC-40ED-AC51-A1692F14379C}.Debug|Any CPU.Build.0 = Debug|Any CPU
		{308F33D7-94FC-40ED-AC51-A1692F14379C}.Release|Any CPU.ActiveCfg = Release|Any CPU
		{308F33D7-94FC-40ED-AC51-A1692F14379C}.Release|Any CPU.Build.0 = Release|Any CPU
		{308F33D7-94FC-40ED-AC51-A1692F14379C}.Debug|iPhoneSimulator.ActiveCfg = Debug|Any CPU
		{308F33D7-94FC-40ED-AC51-A1692F14379C}.Debug|iPhoneSimulator.Build.0 = Debug|Any CPU
		{308F33D7-94FC-40ED-AC51-A1692F14379C}.Release|iPhone.ActiveCfg = Release|Any CPU
		{308F33D7-94FC-40ED-AC51-A1692F14379C}.Release|iPhone.Build.0 = Release|Any CPU
		{308F33D7-94FC-40ED-AC51-A1692F14379C}.Release|iPhoneSimulator.ActiveCfg = Release|Any CPU
		{308F33D7-94FC-40ED-AC51-A1692F14379C}.Release|iPhoneSimulator.Build.0 = Release|Any CPU
		{308F33D7-94FC-40ED-AC51-A1692F14379C}.Debug|iPhone.ActiveCfg = Debug|Any CPU
		{308F33D7-94FC-40ED-AC51-A1692F14379C}.Debug|iPhone.Build.0 = Debug|Any CPU
	EndGlobalSection
EndGlobal
